
Microsoft Visual Studio Solution File, Format Version 12.00
# Visual Studio Version 16
VisualStudioVersion = 16.0.30001.183
MinimumVisualStudioVersion = 10.0.40219.1
Project("{FAE04EC0-301F-11D3-BF4B-00C04F79EFBC}") = "BlazorCslaAuthentication.Server", "BlazorCslaAuthentication\Server\BlazorCslaAuthentication.Server.csproj", "{00B2DEFC-74AC-419C-8B54-27A2CBCBA559}"
EndProject
Project("{FAE04EC0-301F-11D3-BF4B-00C04F79EFBC}") = "BlazorCslaAuthentication.Client", "BlazorCslaAuthentication\Client\BlazorCslaAuthentication.Client.csproj", "{C3BE9F38-5720-432E-9268-BA6963D4D852}"
EndProject
Project("{FAE04EC0-301F-11D3-BF4B-00C04F79EFBC}") = "BlazorCslaAuthentication.Shared", "BlazorCslaAuthentication\Shared\BlazorCslaAuthentication.Shared.csproj", "{FD4AA7EE-FDEB-4993-909A-865E52A798DA}"
EndProject
Global
	GlobalSection(SolutionConfigurationPlatforms) = preSolution
		Debug|Any CPU = Debug|Any CPU
		Release|Any CPU = Release|Any CPU
	EndGlobalSection
	GlobalSection(ProjectConfigurationPlatforms) = postSolution
		{00B2DEFC-74AC-419C-8B54-27A2CBCBA559}.Debug|Any CPU.ActiveCfg = Debug|Any CPU
		{00B2DEFC-74AC-419C-8B54-27A2CBCBA559}.Debug|Any CPU.Build.0 = Debug|Any CPU
		{00B2DEFC-74AC-419C-8B54-27A2CBCBA559}.Release|Any CPU.ActiveCfg = Release|Any CPU
		{00B2DEFC-74AC-419C-8B54-27A2CBCBA559}.Release|Any CPU.Build.0 = Release|Any CPU
		{C3BE9F38-5720-432E-9268-BA6963D4D852}.Debug|Any CPU.ActiveCfg = Debug|Any CPU
		{C3BE9F38-5720-432E-9268-BA6963D4D852}.Debug|Any CPU.Build.0 = Debug|Any CPU
		{C3BE9F38-5720-432E-9268-BA6963D4D852}.Release|Any CPU.ActiveCfg = Release|Any CPU
		{C3BE9F38-5720-432E-9268-BA6963D4D852}.Release|Any CPU.Build.0 = Release|Any CPU
		{FD4AA7EE-FDEB-4993-909A-865E52A798DA}.Debug|Any CPU.ActiveCfg = Debug|Any CPU
		{FD4AA7EE-FDEB-4993-909A-865E52A798DA}.Debug|Any CPU.Build.0 = Debug|Any CPU
		{FD4AA7EE-FDEB-4993-909A-865E52A798DA}.Release|Any CPU.ActiveCfg = Release|Any CPU
		{FD4AA7EE-FDEB-4993-909A-865E52A798DA}.Release|Any CPU.Build.0 = Release|Any CPU
	EndGlobalSection
	GlobalSection(SolutionProperties) = preSolution
		HideSolutionNode = FALSE
	EndGlobalSection
	GlobalSection(ExtensibilityGlobals) = postSolution
		SolutionGuid = {5FB7346C-099A-40E4-BB31-D45DDDF6EF0B}
	EndGlobalSection
EndGlobal
