
Microsoft Visual Studio Solution File, Format Version 12.00
# Visual Studio Version 16
VisualStudioVersion = 16.0.30717.126
MinimumVisualStudioVersion = 10.0.40219.1
Project("{FAE04EC0-301F-11D3-BF4B-00C04F79EFBC}") = "BlazorCslaAuthentication.Server", "BlazorCslaAuthentication\Server\BlazorCslaAuthentication.Server.csproj", "{EF65DC2B-09EB-4FC0-81A4-C252217DAEE2}"
EndProject
Project("{FAE04EC0-301F-11D3-BF4B-00C04F79EFBC}") = "BlazorCslaAuthentication.Client", "BlazorCslaAuthentication\Client\BlazorCslaAuthentication.Client.csproj", "{DB551421-DEA4-45BE-80FA-A58CAE414E24}"
EndProject
Project("{FAE04EC0-301F-11D3-BF4B-00C04F79EFBC}") = "BlazorCslaAuthentication.Shared", "BlazorCslaAuthentication\Shared\BlazorCslaAuthentication.Shared.csproj", "{704C28BF-1D0F-4B05-984F-64D9E4592041}"
EndProject
Global
	GlobalSection(SolutionConfigurationPlatforms) = preSolution
		Debug|Any CPU = Debug|Any CPU
		Release|Any CPU = Release|Any CPU
	EndGlobalSection
	GlobalSection(ProjectConfigurationPlatforms) = postSolution
		{EF65DC2B-09EB-4FC0-81A4-C252217DAEE2}.Debug|Any CPU.ActiveCfg = Debug|Any CPU
		{EF65DC2B-09EB-4FC0-81A4-C252217DAEE2}.Debug|Any CPU.Build.0 = Debug|Any CPU
		{EF65DC2B-09EB-4FC0-81A4-C252217DAEE2}.Release|Any CPU.ActiveCfg = Release|Any CPU
		{EF65DC2B-09EB-4FC0-81A4-C252217DAEE2}.Release|Any CPU.Build.0 = Release|Any CPU
		{DB551421-DEA4-45BE-80FA-A58CAE414E24}.Debug|Any CPU.ActiveCfg = Debug|Any CPU
		{DB551421-DEA4-45BE-80FA-A58CAE414E24}.Debug|Any CPU.Build.0 = Debug|Any CPU
		{DB551421-DEA4-45BE-80FA-A58CAE414E24}.Release|Any CPU.ActiveCfg = Release|Any CPU
		{DB551421-DEA4-45BE-80FA-A58CAE414E24}.Release|Any CPU.Build.0 = Release|Any CPU
		{704C28BF-1D0F-4B05-984F-64D9E4592041}.Debug|Any CPU.ActiveCfg = Debug|Any CPU
		{704C28BF-1D0F-4B05-984F-64D9E4592041}.Debug|Any CPU.Build.0 = Debug|Any CPU
		{704C28BF-1D0F-4B05-984F-64D9E4592041}.Release|Any CPU.ActiveCfg = Release|Any CPU
		{704C28BF-1D0F-4B05-984F-64D9E4592041}.Release|Any CPU.Build.0 = Release|Any CPU
	EndGlobalSection
	GlobalSection(SolutionProperties) = preSolution
		HideSolutionNode = FALSE
	EndGlobalSection
	GlobalSection(ExtensibilityGlobals) = postSolution
		SolutionGuid = {C6BA5FD3-57AD-48D8-B744-FA73366E5918}
	EndGlobalSection
EndGlobal
