
Microsoft Visual Studio Solution File, Format Version 12.00
# Visual Studio Version 16
VisualStudioVersion = 16.0.29721.120
MinimumVisualStudioVersion = 10.0.40219.1
Project("{9A19103F-16F7-4668-BE54-9A1E7A4F7556}") = "BlazorCslaExample", "BlazorCslaExample\BlazorCslaExample.csproj", "{46B4AD57-B326-48AD-8E16-8B4D7F237B8D}"
EndProject
Global
	GlobalSection(SolutionConfigurationPlatforms) = preSolution
		Debug|Any CPU = Debug|Any CPU
		Release|Any CPU = Release|Any CPU
	EndGlobalSection
	GlobalSection(ProjectConfigurationPlatforms) = postSolution
		{46B4AD57-B326-48AD-8E16-8B4D7F237B8D}.Debug|Any CPU.ActiveCfg = Debug|Any CPU
		{46B4AD57-B326-48AD-8E16-8B4D7F237B8D}.Debug|Any CPU.Build.0 = Debug|Any CPU
		{46B4AD57-B326-48AD-8E16-8B4D7F237B8D}.Release|Any CPU.ActiveCfg = Release|Any CPU
		{46B4AD57-B326-48AD-8E16-8B4D7F237B8D}.Release|Any CPU.Build.0 = Release|Any CPU
	EndGlobalSection
	GlobalSection(SolutionProperties) = preSolution
		HideSolutionNode = FALSE
	EndGlobalSection
	GlobalSection(ExtensibilityGlobals) = postSolution
		SolutionGuid = {305D08AF-1548-44BE-A5EC-0201F17B6806}
	EndGlobalSection
EndGlobal
