
Microsoft Visual Studio Solution File, Format Version 12.00
# Visual Studio Version 16
VisualStudioVersion = 16.0.30001.183
MinimumVisualStudioVersion = 10.0.40219.1
Project("{FAE04EC0-301F-11D3-BF4B-00C04F79EFBC}") = "BlazorClientOnly", "BlazorClientOnly\BlazorClientOnly.csproj", "{ED8161B7-7C75-4ECB-8E1B-E60F26316B5A}"
EndProject
Global
	GlobalSection(SolutionConfigurationPlatforms) = preSolution
		Debug|Any CPU = Debug|Any CPU
		Release|Any CPU = Release|Any CPU
	EndGlobalSection
	GlobalSection(ProjectConfigurationPlatforms) = postSolution
		{ED8161B7-7C75-4ECB-8E1B-E60F26316B5A}.Debug|Any CPU.ActiveCfg = Debug|Any CPU
		{ED8161B7-7C75-4ECB-8E1B-E60F26316B5A}.Debug|Any CPU.Build.0 = Debug|Any CPU
		{ED8161B7-7C75-4ECB-8E1B-E60F26316B5A}.Release|Any CPU.ActiveCfg = Release|Any CPU
		{ED8161B7-7C75-4ECB-8E1B-E60F26316B5A}.Release|Any CPU.Build.0 = Release|Any CPU
	EndGlobalSection
	GlobalSection(SolutionProperties) = preSolution
		HideSolutionNode = FALSE
	EndGlobalSection
	GlobalSection(ExtensibilityGlobals) = postSolution
		SolutionGuid = {958918A4-FDC8-4181-86DB-C2E84A7D7C50}
	EndGlobalSection
EndGlobal
