
Microsoft Visual Studio Solution File, Format Version 12.00
# Visual Studio Version 16
VisualStudioVersion = 16.0.30105.148
MinimumVisualStudioVersion = 10.0.40219.1
Project("{FAE04EC0-301F-11D3-BF4B-00C04F79EFBC}") = "BlazorMultiHead.Server", "BlazorMultiHead.Server\BlazorMultiHead.Server.csproj", "{D74F8C1F-BE45-4A6F-ABEC-1885555EA593}"
EndProject
Project("{FAE04EC0-301F-11D3-BF4B-00C04F79EFBC}") = "BlazorMultiHead.Client", "BlazorMultiHead.Client\BlazorMultiHead.Client.csproj", "{C22B4861-34FA-4E57-9331-0DE8FC1A5E8D}"
EndProject
Project("{FAE04EC0-301F-11D3-BF4B-00C04F79EFBC}") = "BlazorMultiHead.Ui", "BlazorMultiHead.Ui\BlazorMultiHead.Ui.csproj", "{FA69B5AE-D253-48F1-99ED-A9D7C99E2155}"
EndProject
Global
	GlobalSection(SolutionConfigurationPlatforms) = preSolution
		Debug|Any CPU = Debug|Any CPU
		Release|Any CPU = Release|Any CPU
	EndGlobalSection
	GlobalSection(ProjectConfigurationPlatforms) = postSolution
		{D74F8C1F-BE45-4A6F-ABEC-1885555EA593}.Debug|Any CPU.ActiveCfg = Debug|Any CPU
		{D74F8C1F-BE45-4A6F-ABEC-1885555EA593}.Debug|Any CPU.Build.0 = Debug|Any CPU
		{D74F8C1F-BE45-4A6F-ABEC-1885555EA593}.Release|Any CPU.ActiveCfg = Release|Any CPU
		{D74F8C1F-BE45-4A6F-ABEC-1885555EA593}.Release|Any CPU.Build.0 = Release|Any CPU
		{C22B4861-34FA-4E57-9331-0DE8FC1A5E8D}.Debug|Any CPU.ActiveCfg = Debug|Any CPU
		{C22B4861-34FA-4E57-9331-0DE8FC1A5E8D}.Debug|Any CPU.Build.0 = Debug|Any CPU
		{C22B4861-34FA-4E57-9331-0DE8FC1A5E8D}.Release|Any CPU.ActiveCfg = Release|Any CPU
		{C22B4861-34FA-4E57-9331-0DE8FC1A5E8D}.Release|Any CPU.Build.0 = Release|Any CPU
		{FA69B5AE-D253-48F1-99ED-A9D7C99E2155}.Debug|Any CPU.ActiveCfg = Debug|Any CPU
		{FA69B5AE-D253-48F1-99ED-A9D7C99E2155}.Debug|Any CPU.Build.0 = Debug|Any CPU
		{FA69B5AE-D253-48F1-99ED-A9D7C99E2155}.Release|Any CPU.ActiveCfg = Release|Any CPU
		{FA69B5AE-D253-48F1-99ED-A9D7C99E2155}.Release|Any CPU.Build.0 = Release|Any CPU
	EndGlobalSection
	GlobalSection(SolutionProperties) = preSolution
		HideSolutionNode = FALSE
	EndGlobalSection
	GlobalSection(ExtensibilityGlobals) = postSolution
		SolutionGuid = {001C74C3-E3CD-4CD5-974F-6F910447B6CC}
	EndGlobalSection
EndGlobal
